
Microsoft Visual Studio Solution File, Format Version 12.00
# Visual Studio Version 16
VisualStudioVersion = 16.0.31019.35
MinimumVisualStudioVersion = 10.0.40219.1
Project("{FAE04EC0-301F-11D3-BF4B-00C04F79EFBC}") = "Military_Unit", "Military_Unit\Military_Unit.csproj", "{867749B7-4814-4DAD-9769-A0715338E6D6}"
EndProject
Global
	GlobalSection(SolutionConfigurationPlatforms) = preSolution
		Debug|Any CPU = Debug|Any CPU
		Release|Any CPU = Release|Any CPU
	EndGlobalSection
	GlobalSection(ProjectConfigurationPlatforms) = postSolution
		{867749B7-4814-4DAD-9769-A0715338E6D6}.Debug|Any CPU.ActiveCfg = Debug|Any CPU
		{867749B7-4814-4DAD-9769-A0715338E6D6}.Debug|Any CPU.Build.0 = Debug|Any CPU
		{867749B7-4814-4DAD-9769-A0715338E6D6}.Release|Any CPU.ActiveCfg = Release|Any CPU
		{867749B7-4814-4DAD-9769-A0715338E6D6}.Release|Any CPU.Build.0 = Release|Any CPU
	EndGlobalSection
	GlobalSection(SolutionProperties) = preSolution
		HideSolutionNode = FALSE
	EndGlobalSection
	GlobalSection(ExtensibilityGlobals) = postSolution
		SolutionGuid = {CC7837F9-6A51-40A9-8507-20AF6889D72C}
	EndGlobalSection
EndGlobal
